
Microsoft Visual Studio Solution File, Format Version 12.00
# Visual Studio 2013
VisualStudioVersion = 12.0.21005.1
MinimumVisualStudioVersion = 10.0.40219.1
Project("{FAE04EC0-301F-11D3-BF4B-00C04F79EFBC}") = "sistema_coach", "sistema_coach\sistema_coach.csproj", "{B142AF21-AFA3-47E1-834C-8E8A537D2BAA}"
EndProject
Global
	GlobalSection(SolutionConfigurationPlatforms) = preSolution
		Debug|Any CPU = Debug|Any CPU
		Release|Any CPU = Release|Any CPU
	EndGlobalSection
	GlobalSection(ProjectConfigurationPlatforms) = postSolution
		{B142AF21-AFA3-47E1-834C-8E8A537D2BAA}.Debug|Any CPU.ActiveCfg = Debug|Any CPU
		{B142AF21-AFA3-47E1-834C-8E8A537D2BAA}.Debug|Any CPU.Build.0 = Debug|Any CPU
		{B142AF21-AFA3-47E1-834C-8E8A537D2BAA}.Release|Any CPU.ActiveCfg = Release|Any CPU
		{B142AF21-AFA3-47E1-834C-8E8A537D2BAA}.Release|Any CPU.Build.0 = Release|Any CPU
	EndGlobalSection
	GlobalSection(SolutionProperties) = preSolution
		HideSolutionNode = FALSE
	EndGlobalSection
EndGlobal
